// !$*UTF8*$!
{
	archiveVersion = 1;
	classes = {
	};
	objectVersion = 46;
	objects = {

/* Begin PBXBuildFile section */
		7507B3FE1CFCC0DD0072A92D /* Country+CoreDataProperties.swift in Sources */ = {isa = PBXBuildFile; fileRef = 7507B3F41CFCC0DD0072A92D /* Country+CoreDataProperties.swift */; };
		7507B3FF1CFCC0DD0072A92D /* Country.swift in Sources */ = {isa = PBXBuildFile; fileRef = 7507B3F51CFCC0DD0072A92D /* Country.swift */; };
		7507B4001CFCC0DD0072A92D /* Location+CoreDataProperties.swift in Sources */ = {isa = PBXBuildFile; fileRef = 7507B3F61CFCC0DD0072A92D /* Location+CoreDataProperties.swift */; };
		7507B4011CFCC0DD0072A92D /* Location.swift in Sources */ = {isa = PBXBuildFile; fileRef = 7507B3F71CFCC0DD0072A92D /* Location.swift */; };
		7507B4021CFCC0DD0072A92D /* PurchaseLot+CoreDataProperties.swift in Sources */ = {isa = PBXBuildFile; fileRef = 7507B3F81CFCC0DD0072A92D /* PurchaseLot+CoreDataProperties.swift */; };
		7507B4031CFCC0DD0072A92D /* PurchaseLot.swift in Sources */ = {isa = PBXBuildFile; fileRef = 7507B3F91CFCC0DD0072A92D /* PurchaseLot.swift */; };
		7507B4041CFCC0DD0072A92D /* Status+CoreDataProperties.swift in Sources */ = {isa = PBXBuildFile; fileRef = 7507B3FA1CFCC0DD0072A92D /* Status+CoreDataProperties.swift */; };
		7507B4051CFCC0DD0072A92D /* Status.swift in Sources */ = {isa = PBXBuildFile; fileRef = 7507B3FB1CFCC0DD0072A92D /* Status.swift */; };
		7507B4061CFCC0DD0072A92D /* Bottle+CoreDataProperties.swift in Sources */ = {isa = PBXBuildFile; fileRef = 7507B3FC1CFCC0DD0072A92D /* Bottle+CoreDataProperties.swift */; };
		7507B4071CFCC0DD0072A92D /* Bottle.swift in Sources */ = {isa = PBXBuildFile; fileRef = 7507B3FD1CFCC0DD0072A92D /* Bottle.swift */; };
		7507B4091CFD01390072A92D /* WineBottle.swift in Sources */ = {isa = PBXBuildFile; fileRef = 7507B4081CFD01390072A92D /* WineBottle.swift */; };
		751AB0B81D04AD3D00A16375 /* MarkDrunkViewController.swift in Sources */ = {isa = PBXBuildFile; fileRef = 751AB0B71D04AD3D00A16375 /* MarkDrunkViewController.swift */; };
		751AB0BA1D05359100A16375 /* StatsViewController.swift in Sources */ = {isa = PBXBuildFile; fileRef = 751AB0B91D05359100A16375 /* StatsViewController.swift */; };
		756C7AEE1D172BB4004B8DF7 /* NewWineList.xml in Resources */ = {isa = PBXBuildFile; fileRef = 756C7AED1D172BB4004B8DF7 /* NewWineList.xml */; };
		756C7AF01D1A2CA9004B8DF7 /* FiltersViewController.swift in Sources */ = {isa = PBXBuildFile; fileRef = 756C7AEF1D1A2CA9004B8DF7 /* FiltersViewController.swift */; };
		756C7AF31D209636004B8DF7 /* Region+CoreDataProperties.swift in Sources */ = {isa = PBXBuildFile; fileRef = 756C7AF11D209636004B8DF7 /* Region+CoreDataProperties.swift */; };
		756C7AF41D209636004B8DF7 /* Region.swift in Sources */ = {isa = PBXBuildFile; fileRef = 756C7AF21D209636004B8DF7 /* Region.swift */; };
		756C7AF61D225024004B8DF7 /* AddEditViewController.swift in Sources */ = {isa = PBXBuildFile; fileRef = 756C7AF51D225024004B8DF7 /* AddEditViewController.swift */; };
		756C7AFA1D24AC6E004B8DF7 /* AddLotViewController.swift in Sources */ = {isa = PBXBuildFile; fileRef = 756C7AF91D24AC6E004B8DF7 /* AddLotViewController.swift */; };
		756C7AFC1D273727004B8DF7 /* LotEntity.swift in Sources */ = {isa = PBXBuildFile; fileRef = 756C7AFB1D273727004B8DF7 /* LotEntity.swift */; };
		756C7AFE1D28D236004B8DF7 /* ToastView.swift in Sources */ = {isa = PBXBuildFile; fileRef = 756C7AFD1D28D236004B8DF7 /* ToastView.swift */; };
		756C7B021D2B2E7C004B8DF7 /* download.jpeg in Resources */ = {isa = PBXBuildFile; fileRef = 756C7B011D2B2E7C004B8DF7 /* download.jpeg */; };
		75F9DBC11CFC191500272A75 /* AppDelegate.swift in Sources */ = {isa = PBXBuildFile; fileRef = 75F9DBC01CFC191500272A75 /* AppDelegate.swift */; };
		75F9DBC41CFC191500272A75 /* WineManager.xcdatamodeld in Sources */ = {isa = PBXBuildFile; fileRef = 75F9DBC21CFC191500272A75 /* WineManager.xcdatamodeld */; };
		75F9DBC61CFC191500272A75 /* MasterViewController.swift in Sources */ = {isa = PBXBuildFile; fileRef = 75F9DBC51CFC191500272A75 /* MasterViewController.swift */; };
		75F9DBC81CFC191500272A75 /* DetailViewController.swift in Sources */ = {isa = PBXBuildFile; fileRef = 75F9DBC71CFC191500272A75 /* DetailViewController.swift */; };
		75F9DBCB1CFC191500272A75 /* Main.storyboard in Resources */ = {isa = PBXBuildFile; fileRef = 75F9DBC91CFC191500272A75 /* Main.storyboard */; };
		75F9DBCD1CFC191500272A75 /* Assets.xcassets in Resources */ = {isa = PBXBuildFile; fileRef = 75F9DBCC1CFC191500272A75 /* Assets.xcassets */; };
		75F9DBD01CFC191500272A75 /* LaunchScreen.storyboard in Resources */ = {isa = PBXBuildFile; fileRef = 75F9DBCE1CFC191500272A75 /* LaunchScreen.storyboard */; };
		75F9DBD81CFC19D500272A75 /* WineList.xml in Resources */ = {isa = PBXBuildFile; fileRef = 75F9DBD71CFC19D500272A75 /* WineList.xml */; };
/* End PBXBuildFile section */

/* Begin PBXFileReference section */
		7507B3F41CFCC0DD0072A92D /* Country+CoreDataProperties.swift */ = {isa = PBXFileReference; fileEncoding = 4; lastKnownFileType = sourcecode.swift; path = "Country+CoreDataProperties.swift"; sourceTree = "<group>"; };
		7507B3F51CFCC0DD0072A92D /* Country.swift */ = {isa = PBXFileReference; fileEncoding = 4; lastKnownFileType = sourcecode.swift; path = Country.swift; sourceTree = "<group>"; };
		7507B3F61CFCC0DD0072A92D /* Location+CoreDataProperties.swift */ = {isa = PBXFileReference; fileEncoding = 4; lastKnownFileType = sourcecode.swift; path = "Location+CoreDataProperties.swift"; sourceTree = "<group>"; };
		7507B3F71CFCC0DD0072A92D /* Location.swift */ = {isa = PBXFileReference; fileEncoding = 4; lastKnownFileType = sourcecode.swift; path = Location.swift; sourceTree = "<group>"; };
		7507B3F81CFCC0DD0072A92D /* PurchaseLot+CoreDataProperties.swift */ = {isa = PBXFileReference; fileEncoding = 4; lastKnownFileType = sourcecode.swift; path = "PurchaseLot+CoreDataProperties.swift"; sourceTree = "<group>"; };
		7507B3F91CFCC0DD0072A92D /* PurchaseLot.swift */ = {isa = PBXFileReference; fileEncoding = 4; lastKnownFileType = sourcecode.swift; path = PurchaseLot.swift; sourceTree = "<group>"; };
		7507B3FA1CFCC0DD0072A92D /* Status+CoreDataProperties.swift */ = {isa = PBXFileReference; fileEncoding = 4; lastKnownFileType = sourcecode.swift; path = "Status+CoreDataProperties.swift"; sourceTree = "<group>"; };
		7507B3FB1CFCC0DD0072A92D /* Status.swift */ = {isa = PBXFileReference; fileEncoding = 4; lastKnownFileType = sourcecode.swift; path = Status.swift; sourceTree = "<group>"; };
		7507B3FC1CFCC0DD0072A92D /* Bottle+CoreDataProperties.swift */ = {isa = PBXFileReference; fileEncoding = 4; lastKnownFileType = sourcecode.swift; path = "Bottle+CoreDataProperties.swift"; sourceTree = "<group>"; };
		7507B3FD1CFCC0DD0072A92D /* Bottle.swift */ = {isa = PBXFileReference; fileEncoding = 4; lastKnownFileType = sourcecode.swift; path = Bottle.swift; sourceTree = "<group>"; };
		7507B4081CFD01390072A92D /* WineBottle.swift */ = {isa = PBXFileReference; fileEncoding = 4; lastKnownFileType = sourcecode.swift; path = WineBottle.swift; sourceTree = "<group>"; };
		751AB0B71D04AD3D00A16375 /* MarkDrunkViewController.swift */ = {isa = PBXFileReference; fileEncoding = 4; lastKnownFileType = sourcecode.swift; path = MarkDrunkViewController.swift; sourceTree = "<group>"; };
		751AB0B91D05359100A16375 /* StatsViewController.swift */ = {isa = PBXFileReference; fileEncoding = 4; lastKnownFileType = sourcecode.swift; path = StatsViewController.swift; sourceTree = "<group>"; };
		756C7AED1D172BB4004B8DF7 /* NewWineList.xml */ = {isa = PBXFileReference; fileEncoding = 4; lastKnownFileType = text.xml; path = NewWineList.xml; sourceTree = SOURCE_ROOT; };
		756C7AEF1D1A2CA9004B8DF7 /* FiltersViewController.swift */ = {isa = PBXFileReference; fileEncoding = 4; lastKnownFileType = sourcecode.swift; path = FiltersViewController.swift; sourceTree = "<group>"; };
		756C7AF11D209636004B8DF7 /* Region+CoreDataProperties.swift */ = {isa = PBXFileReference; fileEncoding = 4; lastKnownFileType = sourcecode.swift; path = "Region+CoreDataProperties.swift"; sourceTree = "<group>"; };
		756C7AF21D209636004B8DF7 /* Region.swift */ = {isa = PBXFileReference; fileEncoding = 4; lastKnownFileType = sourcecode.swift; path = Region.swift; sourceTree = "<group>"; };
		756C7AF51D225024004B8DF7 /* AddEditViewController.swift */ = {isa = PBXFileReference; fileEncoding = 4; lastKnownFileType = sourcecode.swift; path = AddEditViewController.swift; sourceTree = "<group>"; };
		756C7AF91D24AC6E004B8DF7 /* AddLotViewController.swift */ = {isa = PBXFileReference; fileEncoding = 4; lastKnownFileType = sourcecode.swift; name = AddLotViewController.swift; path = ../AddLotViewController.swift; sourceTree = "<group>"; };
		756C7AFB1D273727004B8DF7 /* LotEntity.swift */ = {isa = PBXFileReference; fileEncoding = 4; lastKnownFileType = sourcecode.swift; path = LotEntity.swift; sourceTree = "<group>"; };
		756C7AFD1D28D236004B8DF7 /* ToastView.swift */ = {isa = PBXFileReference; fileEncoding = 4; lastKnownFileType = sourcecode.swift; path = ToastView.swift; sourceTree = "<group>"; };
		756C7B011D2B2E7C004B8DF7 /* download.jpeg */ = {isa = PBXFileReference; lastKnownFileType = image.jpeg; path = download.jpeg; sourceTree = "<group>"; };
		75F9DBBD1CFC191400272A75 /* WineManager.app */ = {isa = PBXFileReference; explicitFileType = wrapper.application; includeInIndex = 0; path = WineManager.app; sourceTree = BUILT_PRODUCTS_DIR; };
		75F9DBC01CFC191500272A75 /* AppDelegate.swift */ = {isa = PBXFileReference; lastKnownFileType = sourcecode.swift; path = AppDelegate.swift; sourceTree = "<group>"; };
		75F9DBC31CFC191500272A75 /* WineManager.xcdatamodel */ = {isa = PBXFileReference; lastKnownFileType = wrapper.xcdatamodel; path = WineManager.xcdatamodel; sourceTree = "<group>"; };
		75F9DBC51CFC191500272A75 /* MasterViewController.swift */ = {isa = PBXFileReference; lastKnownFileType = sourcecode.swift; path = MasterViewController.swift; sourceTree = "<group>"; };
		75F9DBC71CFC191500272A75 /* DetailViewController.swift */ = {isa = PBXFileReference; lastKnownFileType = sourcecode.swift; path = DetailViewController.swift; sourceTree = "<group>"; };
		75F9DBCA1CFC191500272A75 /* Base */ = {isa = PBXFileReference; lastKnownFileType = file.storyboard; name = Base; path = Base.lproj/Main.storyboard; sourceTree = "<group>"; };
		75F9DBCC1CFC191500272A75 /* Assets.xcassets */ = {isa = PBXFileReference; lastKnownFileType = folder.assetcatalog; path = Assets.xcassets; sourceTree = "<group>"; };
		75F9DBCF1CFC191500272A75 /* Base */ = {isa = PBXFileReference; lastKnownFileType = file.storyboard; name = Base; path = Base.lproj/LaunchScreen.storyboard; sourceTree = "<group>"; };
		75F9DBD11CFC191500272A75 /* Info.plist */ = {isa = PBXFileReference; lastKnownFileType = text.plist.xml; path = Info.plist; sourceTree = "<group>"; };
		75F9DBD71CFC19D500272A75 /* WineList.xml */ = {isa = PBXFileReference; fileEncoding = 4; lastKnownFileType = text.xml; path = WineList.xml; sourceTree = SOURCE_ROOT; };
/* End PBXFileReference section */

/* Begin PBXFrameworksBuildPhase section */
		75F9DBBA1CFC191400272A75 /* Frameworks */ = {
			isa = PBXFrameworksBuildPhase;
			buildActionMask = 2147483647;
			files = (
			);
			runOnlyForDeploymentPostprocessing = 0;
		};
/* End PBXFrameworksBuildPhase section */

/* Begin PBXGroup section */
		75F9DBB41CFC191400272A75 = {
			isa = PBXGroup;
			children = (
				756C7B011D2B2E7C004B8DF7 /* download.jpeg */,
				756C7AF11D209636004B8DF7 /* Region+CoreDataProperties.swift */,
				756C7AF21D209636004B8DF7 /* Region.swift */,
				7507B4081CFD01390072A92D /* WineBottle.swift */,
				7507B3F41CFCC0DD0072A92D /* Country+CoreDataProperties.swift */,
				7507B3F51CFCC0DD0072A92D /* Country.swift */,
				7507B3F61CFCC0DD0072A92D /* Location+CoreDataProperties.swift */,
				7507B3F71CFCC0DD0072A92D /* Location.swift */,
				7507B3F81CFCC0DD0072A92D /* PurchaseLot+CoreDataProperties.swift */,
				7507B3F91CFCC0DD0072A92D /* PurchaseLot.swift */,
				7507B3FA1CFCC0DD0072A92D /* Status+CoreDataProperties.swift */,
				7507B3FB1CFCC0DD0072A92D /* Status.swift */,
				7507B3FC1CFCC0DD0072A92D /* Bottle+CoreDataProperties.swift */,
				7507B3FD1CFCC0DD0072A92D /* Bottle.swift */,
				75F9DBBF1CFC191500272A75 /* WineManager */,
				75F9DBBE1CFC191400272A75 /* Products */,
			);
			sourceTree = "<group>";
		};
		75F9DBBE1CFC191400272A75 /* Products */ = {
			isa = PBXGroup;
			children = (
				75F9DBBD1CFC191400272A75 /* WineManager.app */,
			);
			name = Products;
			sourceTree = "<group>";
		};
		75F9DBBF1CFC191500272A75 /* WineManager */ = {
			isa = PBXGroup;
			children = (
				756C7AF91D24AC6E004B8DF7 /* AddLotViewController.swift */,
				756C7AFB1D273727004B8DF7 /* LotEntity.swift */,
				756C7AED1D172BB4004B8DF7 /* NewWineList.xml */,
				75F9DBD71CFC19D500272A75 /* WineList.xml */,
				75F9DBC01CFC191500272A75 /* AppDelegate.swift */,
				75F9DBC51CFC191500272A75 /* MasterViewController.swift */,
				751AB0B91D05359100A16375 /* StatsViewController.swift */,
				756C7AEF1D1A2CA9004B8DF7 /* FiltersViewController.swift */,
				75F9DBC71CFC191500272A75 /* DetailViewController.swift */,
				751AB0B71D04AD3D00A16375 /* MarkDrunkViewController.swift */,
				756C7AF51D225024004B8DF7 /* AddEditViewController.swift */,
				756C7AFD1D28D236004B8DF7 /* ToastView.swift */,
				75F9DBC91CFC191500272A75 /* Main.storyboard */,
				75F9DBCC1CFC191500272A75 /* Assets.xcassets */,
				75F9DBCE1CFC191500272A75 /* LaunchScreen.storyboard */,
				75F9DBD11CFC191500272A75 /* Info.plist */,
				75F9DBC21CFC191500272A75 /* WineManager.xcdatamodeld */,
			);
			path = WineManager;
			sourceTree = "<group>";
		};
/* End PBXGroup section */

/* Begin PBXNativeTarget section */
		75F9DBBC1CFC191400272A75 /* WineManager */ = {
			isa = PBXNativeTarget;
			buildConfigurationList = 75F9DBD41CFC191500272A75 /* Build configuration list for PBXNativeTarget "WineManager" */;
			buildPhases = (
				75F9DBB91CFC191400272A75 /* Sources */,
				75F9DBBA1CFC191400272A75 /* Frameworks */,
				75F9DBBB1CFC191400272A75 /* Resources */,
			);
			buildRules = (
			);
			dependencies = (
			);
			name = WineManager;
			productName = WineManager;
			productReference = 75F9DBBD1CFC191400272A75 /* WineManager.app */;
			productType = "com.apple.product-type.application";
		};
/* End PBXNativeTarget section */

/* Begin PBXProject section */
		75F9DBB51CFC191400272A75 /* Project object */ = {
			isa = PBXProject;
			attributes = {
				LastSwiftUpdateCheck = 0730;
				LastUpgradeCheck = 0730;
				ORGANIZATIONNAME = "Prashant Gandhi";
				TargetAttributes = {
					75F9DBBC1CFC191400272A75 = {
						CreatedOnToolsVersion = 7.3.1;
						DevelopmentTeam = 2BQ23J56GY;
					};
				};
			};
			buildConfigurationList = 75F9DBB81CFC191400272A75 /* Build configuration list for PBXProject "WineManager" */;
			compatibilityVersion = "Xcode 3.2";
			developmentRegion = English;
			hasScannedForEncodings = 0;
			knownRegions = (
				en,
				Base,
			);
			mainGroup = 75F9DBB41CFC191400272A75;
			productRefGroup = 75F9DBBE1CFC191400272A75 /* Products */;
			projectDirPath = "";
			projectRoot = "";
			targets = (
				75F9DBBC1CFC191400272A75 /* WineManager */,
			);
		};
/* End PBXProject section */

/* Begin PBXResourcesBuildPhase section */
		75F9DBBB1CFC191400272A75 /* Resources */ = {
			isa = PBXResourcesBuildPhase;
			buildActionMask = 2147483647;
			files = (
				756C7AEE1D172BB4004B8DF7 /* NewWineList.xml in Resources */,
				75F9DBD01CFC191500272A75 /* LaunchScreen.storyboard in Resources */,
				75F9DBCD1CFC191500272A75 /* Assets.xcassets in Resources */,
				75F9DBD81CFC19D500272A75 /* WineList.xml in Resources */,
				75F9DBCB1CFC191500272A75 /* Main.storyboard in Resources */,
				756C7B021D2B2E7C004B8DF7 /* download.jpeg in Resources */,
			);
			runOnlyForDeploymentPostprocessing = 0;
		};
/* End PBXResourcesBuildPhase section */

/* Begin PBXSourcesBuildPhase section */
		75F9DBB91CFC191400272A75 /* Sources */ = {
			isa = PBXSourcesBuildPhase;
			buildActionMask = 2147483647;
			files = (
				7507B3FE1CFCC0DD0072A92D /* Country+CoreDataProperties.swift in Sources */,
				7507B4001CFCC0DD0072A92D /* Location+CoreDataProperties.swift in Sources */,
				7507B4031CFCC0DD0072A92D /* PurchaseLot.swift in Sources */,
				756C7AF41D209636004B8DF7 /* Region.swift in Sources */,
				7507B4011CFCC0DD0072A92D /* Location.swift in Sources */,
				756C7AF31D209636004B8DF7 /* Region+CoreDataProperties.swift in Sources */,
				75F9DBC41CFC191500272A75 /* WineManager.xcdatamodeld in Sources */,
				75F9DBC11CFC191500272A75 /* AppDelegate.swift in Sources */,
				756C7AFA1D24AC6E004B8DF7 /* AddLotViewController.swift in Sources */,
				756C7AF61D225024004B8DF7 /* AddEditViewController.swift in Sources */,
				751AB0B81D04AD3D00A16375 /* MarkDrunkViewController.swift in Sources */,
				7507B4091CFD01390072A92D /* WineBottle.swift in Sources */,
				75F9DBC61CFC191500272A75 /* MasterViewController.swift in Sources */,
				7507B4021CFCC0DD0072A92D /* PurchaseLot+CoreDataProperties.swift in Sources */,
				7507B3FF1CFCC0DD0072A92D /* Country.swift in Sources */,
				751AB0BA1D05359100A16375 /* StatsViewController.swift in Sources */,
				756C7AFE1D28D236004B8DF7 /* ToastView.swift in Sources */,
				7507B4041CFCC0DD0072A92D /* Status+CoreDataProperties.swift in Sources */,
				7507B4061CFCC0DD0072A92D /* Bottle+CoreDataProperties.swift in Sources */,
				75F9DBC81CFC191500272A75 /* DetailViewController.swift in Sources */,
				7507B4051CFCC0DD0072A92D /* Status.swift in Sources */,
				756C7AF01D1A2CA9004B8DF7 /* FiltersViewController.swift in Sources */,
				7507B4071CFCC0DD0072A92D /* Bottle.swift in Sources */,
				756C7AFC1D273727004B8DF7 /* LotEntity.swift in Sources */,
			);
			runOnlyForDeploymentPostprocessing = 0;
		};
/* End PBXSourcesBuildPhase section */

/* Begin PBXVariantGroup section */
		75F9DBC91CFC191500272A75 /* Main.storyboard */ = {
			isa = PBXVariantGroup;
			children = (
				75F9DBCA1CFC191500272A75 /* Base */,
			);
			name = Main.storyboard;
			sourceTree = "<group>";
		};
		75F9DBCE1CFC191500272A75 /* LaunchScreen.storyboard */ = {
			isa = PBXVariantGroup;
			children = (
				75F9DBCF1CFC191500272A75 /* Base */,
			);
			name = LaunchScreen.storyboard;
			sourceTree = "<group>";
		};
/* End PBXVariantGroup section */

/* Begin XCBuildConfiguration section */
		75F9DBD21CFC191500272A75 /* Debug */ = {
			isa = XCBuildConfiguration;
			buildSettings = {
				ALWAYS_SEARCH_USER_PATHS = NO;
				CLANG_ANALYZER_NONNULL = YES;
				CLANG_CXX_LANGUAGE_STANDARD = "gnu++0x";
				CLANG_CXX_LIBRARY = "libc++";
				CLANG_ENABLE_MODULES = YES;
				CLANG_ENABLE_OBJC_ARC = YES;
				CLANG_WARN_BOOL_CONVERSION = YES;
				CLANG_WARN_CONSTANT_CONVERSION = YES;
				CLANG_WARN_DIRECT_OBJC_ISA_USAGE = YES_ERROR;
				CLANG_WARN_EMPTY_BODY = YES;
				CLANG_WARN_ENUM_CONVERSION = YES;
				CLANG_WARN_INT_CONVERSION = YES;
				CLANG_WARN_OBJC_ROOT_CLASS = YES_ERROR;
				CLANG_WARN_UNREACHABLE_CODE = YES;
				CLANG_WARN__DUPLICATE_METHOD_MATCH = YES;
				"CODE_SIGN_IDENTITY[sdk=iphoneos*]" = "iPhone Developer";
				COPY_PHASE_STRIP = NO;
				DEBUG_INFORMATION_FORMAT = dwarf;
				ENABLE_STRICT_OBJC_MSGSEND = YES;
				ENABLE_TESTABILITY = YES;
				GCC_C_LANGUAGE_STANDARD = gnu99;
				GCC_DYNAMIC_NO_PIC = NO;
				GCC_NO_COMMON_BLOCKS = YES;
				GCC_OPTIMIZATION_LEVEL = 0;
				GCC_PREPROCESSOR_DEFINITIONS = (
					"DEBUG=1",
					"$(inherited)",
				);
				GCC_WARN_64_TO_32_BIT_CONVERSION = YES;
				GCC_WARN_ABOUT_RETURN_TYPE = YES_ERROR;
				GCC_WARN_UNDECLARED_SELECTOR = YES;
				GCC_WARN_UNINITIALIZED_AUTOS = YES_AGGRESSIVE;
				GCC_WARN_UNUSED_FUNCTION = YES;
				GCC_WARN_UNUSED_VARIABLE = YES;
				IPHONEOS_DEPLOYMENT_TARGET = 9.3;
				MTL_ENABLE_DEBUG_INFO = YES;
				ONLY_ACTIVE_ARCH = YES;
				SDKROOT = iphoneos;
				SWIFT_OPTIMIZATION_LEVEL = "-Onone";
			};
			name = Debug;
		};
		75F9DBD31CFC191500272A75 /* Release */ = {
			isa = XCBuildConfiguration;
			buildSettings = {
				ALWAYS_SEARCH_USER_PATHS = NO;
				CLANG_ANALYZER_NONNULL = YES;
				CLANG_CXX_LANGUAGE_STANDARD = "gnu++0x";
				CLANG_CXX_LIBRARY = "libc++";
				CLANG_ENABLE_MODULES = YES;
				CLANG_ENABLE_OBJC_ARC = YES;
				CLANG_WARN_BOOL_CONVERSION = YES;
				CLANG_WARN_CONSTANT_CONVERSION = YES;
				CLANG_WARN_DIRECT_OBJC_ISA_USAGE = YES_ERROR;
				CLANG_WARN_EMPTY_BODY = YES;
				CLANG_WARN_ENUM_CONVERSION = YES;
				CLANG_WARN_INT_CONVERSION = YES;
				CLANG_WARN_OBJC_ROOT_CLASS = YES_ERROR;
				CLANG_WARN_UNREACHABLE_CODE = YES;
				CLANG_WARN__DUPLICATE_METHOD_MATCH = YES;
				"CODE_SIGN_IDENTITY[sdk=iphoneos*]" = "iPhone Developer";
				COPY_PHASE_STRIP = NO;
				DEBUG_INFORMATION_FORMAT = "dwarf-with-dsym";
				ENABLE_NS_ASSERTIONS = NO;
				ENABLE_STRICT_OBJC_MSGSEND = YES;
				GCC_C_LANGUAGE_STANDARD = gnu99;
				GCC_NO_COMMON_BLOCKS = YES;
				GCC_WARN_64_TO_32_BIT_CONVERSION = YES;
				GCC_WARN_ABOUT_RETURN_TYPE = YES_ERROR;
				GCC_WARN_UNDECLARED_SELECTOR = YES;
				GCC_WARN_UNINITIALIZED_AUTOS = YES_AGGRESSIVE;
				GCC_WARN_UNUSED_FUNCTION = YES;
				GCC_WARN_UNUSED_VARIABLE = YES;
				IPHONEOS_DEPLOYMENT_TARGET = 9.3;
				MTL_ENABLE_DEBUG_INFO = NO;
				SDKROOT = iphoneos;
				VALIDATE_PRODUCT = YES;
			};
			name = Release;
		};
		75F9DBD51CFC191500272A75 /* Debug */ = {
			isa = XCBuildConfiguration;
			buildSettings = {
				ASSETCATALOG_COMPILER_APPICON_NAME = AppIcon;
				CODE_SIGN_IDENTITY = "iPhone Developer";
				INFOPLIST_FILE = WineManager/Info.plist;
				LD_RUNPATH_SEARCH_PATHS = "$(inherited) @executable_path/Frameworks";
				PRODUCT_BUNDLE_IDENTIFIER = PGandhi.WineManager;
				PRODUCT_NAME = "$(TARGET_NAME)";
			};
			name = Debug;
		};
		75F9DBD61CFC191500272A75 /* Release */ = {
			isa = XCBuildConfiguration;
			buildSettings = {
				ASSETCATALOG_COMPILER_APPICON_NAME = AppIcon;
				CODE_SIGN_IDENTITY = "iPhone Developer";
				INFOPLIST_FILE = WineManager/Info.plist;
				LD_RUNPATH_SEARCH_PATHS = "$(inherited) @executable_path/Frameworks";
				PRODUCT_BUNDLE_IDENTIFIER = PGandhi.WineManager;
				PRODUCT_NAME = "$(TARGET_NAME)";
			};
			name = Release;
		};
/* End XCBuildConfiguration section */

/* Begin XCConfigurationList section */
		75F9DBB81CFC191400272A75 /* Build configuration list for PBXProject "WineManager" */ = {
			isa = XCConfigurationList;
			buildConfigurations = (
				75F9DBD21CFC191500272A75 /* Debug */,
				75F9DBD31CFC191500272A75 /* Release */,
			);
			defaultConfigurationIsVisible = 0;
			defaultConfigurationName = Release;
		};
		75F9DBD41CFC191500272A75 /* Build configuration list for PBXNativeTarget "WineManager" */ = {
			isa = XCConfigurationList;
			buildConfigurations = (
				75F9DBD51CFC191500272A75 /* Debug */,
				75F9DBD61CFC191500272A75 /* Release */,
			);
			defaultConfigurationIsVisible = 0;
			defaultConfigurationName = Release;
		};
/* End XCConfigurationList section */

/* Begin XCVersionGroup section */
		75F9DBC21CFC191500272A75 /* WineManager.xcdatamodeld */ = {
			isa = XCVersionGroup;
			children = (
				75F9DBC31CFC191500272A75 /* WineManager.xcdatamodel */,
			);
			currentVersion = 75F9DBC31CFC191500272A75 /* WineManager.xcdatamodel */;
			path = WineManager.xcdatamodeld;
			sourceTree = "<group>";
			versionGroupType = wrapper.xcdatamodel;
		};
/* End XCVersionGroup section */
	};
	rootObject = 75F9DBB51CFC191400272A75 /* Project object */;
}
